
Microsoft Visual Studio Solution File, Format Version 12.00
# Visual Studio Version 16
VisualStudioVersion = 16.0.30907.101
MinimumVisualStudioVersion = 10.0.40219.1
Project("{FAE04EC0-301F-11D3-BF4B-00C04F79EFBC}") = "SingleResponsibilityPrinciple", "SingleResponsibilityPrinciple\SingleResponsibilityPrinciple.csproj", "{BACCBD68-9839-4559-A6F4-F2DAFC9E86E7}"
EndProject
Global
	GlobalSection(SolutionConfigurationPlatforms) = preSolution
		Debug|Any CPU = Debug|Any CPU
		Release|Any CPU = Release|Any CPU
	EndGlobalSection
	GlobalSection(ProjectConfigurationPlatforms) = postSolution
		{BACCBD68-9839-4559-A6F4-F2DAFC9E86E7}.Debug|Any CPU.ActiveCfg = Debug|Any CPU
		{BACCBD68-9839-4559-A6F4-F2DAFC9E86E7}.Debug|Any CPU.Build.0 = Debug|Any CPU
		{BACCBD68-9839-4559-A6F4-F2DAFC9E86E7}.Release|Any CPU.ActiveCfg = Release|Any CPU
		{BACCBD68-9839-4559-A6F4-F2DAFC9E86E7}.Release|Any CPU.Build.0 = Release|Any CPU
	EndGlobalSection
	GlobalSection(SolutionProperties) = preSolution
		HideSolutionNode = FALSE
	EndGlobalSection
	GlobalSection(ExtensibilityGlobals) = postSolution
		SolutionGuid = {CFC27186-8B37-43C5-AC2F-6D68596330C4}
	EndGlobalSection
EndGlobal
